
Microsoft Visual Studio Solution File, Format Version 12.00
# Visual Studio Version 17
VisualStudioVersion = 17.11.35303.130
MinimumVisualStudioVersion = 10.0.40219.1
Project("{FAE04EC0-301F-11D3-BF4B-00C04F79EFBC}") = "Azure-blob-storage-console-app", "Azure-blob-storage-console-app\Azure-blob-storage-console-app.csproj", "{B87F8AB0-B515-4E61-8940-C3365030D70F}"
EndProject
Global
	GlobalSection(SolutionConfigurationPlatforms) = preSolution
		Debug|Any CPU = Debug|Any CPU
		Release|Any CPU = Release|Any CPU
	EndGlobalSection
	GlobalSection(ProjectConfigurationPlatforms) = postSolution
		{B87F8AB0-B515-4E61-8940-C3365030D70F}.Debug|Any CPU.ActiveCfg = Debug|Any CPU
		{B87F8AB0-B515-4E61-8940-C3365030D70F}.Debug|Any CPU.Build.0 = Debug|Any CPU
		{B87F8AB0-B515-4E61-8940-C3365030D70F}.Release|Any CPU.ActiveCfg = Release|Any CPU
		{B87F8AB0-B515-4E61-8940-C3365030D70F}.Release|Any CPU.Build.0 = Release|Any CPU
	EndGlobalSection
	GlobalSection(SolutionProperties) = preSolution
		HideSolutionNode = FALSE
	EndGlobalSection
	GlobalSection(ExtensibilityGlobals) = postSolution
		SolutionGuid = {ABB6A6DA-3390-439D-B5AF-59D99D2C23A1}
	EndGlobalSection
EndGlobal
